
Microsoft Visual Studio Solution File, Format Version 12.00
# Visual Studio Version 17
VisualStudioVersion = 17.13.35806.99 d17.13
MinimumVisualStudioVersion = 10.0.40219.1
Project("{FAE04EC0-301F-11D3-BF4B-00C04F79EFBC}") = "SensoringAPI", "SensoringAPI\SensoringAPI.csproj", "{7FC3898C-FD65-4378-A05A-DC32B72DD786}"
EndProject
Global
	GlobalSection(SolutionConfigurationPlatforms) = preSolution
		Debug|Any CPU = Debug|Any CPU
		Release|Any CPU = Release|Any CPU
	EndGlobalSection
	GlobalSection(ProjectConfigurationPlatforms) = postSolution
		{7FC3898C-FD65-4378-A05A-DC32B72DD786}.Debug|Any CPU.ActiveCfg = Debug|Any CPU
		{7FC3898C-FD65-4378-A05A-DC32B72DD786}.Debug|Any CPU.Build.0 = Debug|Any CPU
		{7FC3898C-FD65-4378-A05A-DC32B72DD786}.Release|Any CPU.ActiveCfg = Release|Any CPU
		{7FC3898C-FD65-4378-A05A-DC32B72DD786}.Release|Any CPU.Build.0 = Release|Any CPU
	EndGlobalSection
	GlobalSection(SolutionProperties) = preSolution
		HideSolutionNode = FALSE
	EndGlobalSection
	GlobalSection(ExtensibilityGlobals) = postSolution
		SolutionGuid = {346D96A5-4D10-4C69-82DB-65253D1D813D}
	EndGlobalSection
EndGlobal
